// !$*UTF8*$!
{
	archiveVersion = 1;
	classes = {
	};
	objectVersion = 50;
	objects = {

/* Begin PBXBuildFile section */
		2890B04622873BBB00128263 /* AppDelegate.swift in Sources */ = {isa = PBXBuildFile; fileRef = 2890B04522873BBB00128263 /* AppDelegate.swift */; };
		2890B04B22873BBB00128263 /* Main.storyboard in Resources */ = {isa = PBXBuildFile; fileRef = 2890B04922873BBB00128263 /* Main.storyboard */; };
		2890B04E22873BBB00128263 /* CoreDatWithSession.xcdatamodeld in Sources */ = {isa = PBXBuildFile; fileRef = 2890B04C22873BBB00128263 /* CoreDatWithSession.xcdatamodeld */; };
		2890B05022873BBC00128263 /* Assets.xcassets in Resources */ = {isa = PBXBuildFile; fileRef = 2890B04F22873BBC00128263 /* Assets.xcassets */; };
		2890B05322873BBC00128263 /* LaunchScreen.storyboard in Resources */ = {isa = PBXBuildFile; fileRef = 2890B05122873BBC00128263 /* LaunchScreen.storyboard */; };
		2890B05C22873EF700128263 /* Usuarios+CoreDataClass.swift in Sources */ = {isa = PBXBuildFile; fileRef = 2890B05A22873EF700128263 /* Usuarios+CoreDataClass.swift */; };
		2890B05D22873EF700128263 /* Usuarios+CoreDataProperties.swift in Sources */ = {isa = PBXBuildFile; fileRef = 2890B05B22873EF700128263 /* Usuarios+CoreDataProperties.swift */; };
		2890B05F22873F5100128263 /* PersistenceService.swift in Sources */ = {isa = PBXBuildFile; fileRef = 2890B05E22873F5100128263 /* PersistenceService.swift */; };
		2890B061228743FC00128263 /* ValidateSessionViewController.swift in Sources */ = {isa = PBXBuildFile; fileRef = 2890B060228743FC00128263 /* ValidateSessionViewController.swift */; };
		2890B063228747E600128263 /* RegisterViewController.swift in Sources */ = {isa = PBXBuildFile; fileRef = 2890B062228747E600128263 /* RegisterViewController.swift */; };
		2890B065228747F200128263 /* HomeViewController.swift in Sources */ = {isa = PBXBuildFile; fileRef = 2890B064228747F200128263 /* HomeViewController.swift */; };
		2890B06722874DBA00128263 /* UsuarioTableViewCell.swift in Sources */ = {isa = PBXBuildFile; fileRef = 2890B06622874DB900128263 /* UsuarioTableViewCell.swift */; };
/* End PBXBuildFile section */

/* Begin PBXFileReference section */
		2890B04222873BBB00128263 /* CoreDatWithSession.app */ = {isa = PBXFileReference; explicitFileType = wrapper.application; includeInIndex = 0; path = CoreDatWithSession.app; sourceTree = BUILT_PRODUCTS_DIR; };
		2890B04522873BBB00128263 /* AppDelegate.swift */ = {isa = PBXFileReference; lastKnownFileType = sourcecode.swift; path = AppDelegate.swift; sourceTree = "<group>"; };
		2890B04A22873BBB00128263 /* Base */ = {isa = PBXFileReference; lastKnownFileType = file.storyboard; name = Base; path = Base.lproj/Main.storyboard; sourceTree = "<group>"; };
		2890B04D22873BBB00128263 /* CoreDatWithSession.xcdatamodel */ = {isa = PBXFileReference; lastKnownFileType = wrapper.xcdatamodel; path = CoreDatWithSession.xcdatamodel; sourceTree = "<group>"; };
		2890B04F22873BBC00128263 /* Assets.xcassets */ = {isa = PBXFileReference; lastKnownFileType = folder.assetcatalog; path = Assets.xcassets; sourceTree = "<group>"; };
		2890B05222873BBC00128263 /* Base */ = {isa = PBXFileReference; lastKnownFileType = file.storyboard; name = Base; path = Base.lproj/LaunchScreen.storyboard; sourceTree = "<group>"; };
		2890B05422873BBC00128263 /* Info.plist */ = {isa = PBXFileReference; lastKnownFileType = text.plist.xml; path = Info.plist; sourceTree = "<group>"; };
		2890B05A22873EF700128263 /* Usuarios+CoreDataClass.swift */ = {isa = PBXFileReference; lastKnownFileType = sourcecode.swift; name = "Usuarios+CoreDataClass.swift"; path = "CoreDatWithSession/Usuarios+CoreDataClass.swift"; sourceTree = "<group>"; };
		2890B05B22873EF700128263 /* Usuarios+CoreDataProperties.swift */ = {isa = PBXFileReference; lastKnownFileType = sourcecode.swift; name = "Usuarios+CoreDataProperties.swift"; path = "CoreDatWithSession/Usuarios+CoreDataProperties.swift"; sourceTree = "<group>"; };
		2890B05E22873F5100128263 /* PersistenceService.swift */ = {isa = PBXFileReference; lastKnownFileType = sourcecode.swift; path = PersistenceService.swift; sourceTree = "<group>"; };
		2890B060228743FC00128263 /* ValidateSessionViewController.swift */ = {isa = PBXFileReference; lastKnownFileType = sourcecode.swift; path = ValidateSessionViewController.swift; sourceTree = "<group>"; };
		2890B062228747E600128263 /* RegisterViewController.swift */ = {isa = PBXFileReference; lastKnownFileType = sourcecode.swift; path = RegisterViewController.swift; sourceTree = "<group>"; };
		2890B064228747F200128263 /* HomeViewController.swift */ = {isa = PBXFileReference; lastKnownFileType = sourcecode.swift; path = HomeViewController.swift; sourceTree = "<group>"; };
		2890B06622874DB900128263 /* UsuarioTableViewCell.swift */ = {isa = PBXFileReference; lastKnownFileType = sourcecode.swift; path = UsuarioTableViewCell.swift; sourceTree = "<group>"; };
/* End PBXFileReference section */

/* Begin PBXFrameworksBuildPhase section */
		2890B03F22873BBB00128263 /* Frameworks */ = {
			isa = PBXFrameworksBuildPhase;
			buildActionMask = 2147483647;
			files = (
			);
			runOnlyForDeploymentPostprocessing = 0;
		};
/* End PBXFrameworksBuildPhase section */

/* Begin PBXGroup section */
		2890B03922873BBB00128263 = {
			isa = PBXGroup;
			children = (
				2890B05A22873EF700128263 /* Usuarios+CoreDataClass.swift */,
				2890B05B22873EF700128263 /* Usuarios+CoreDataProperties.swift */,
				2890B04422873BBB00128263 /* CoreDatWithSession */,
				2890B04322873BBB00128263 /* Products */,
			);
			sourceTree = "<group>";
		};
		2890B04322873BBB00128263 /* Products */ = {
			isa = PBXGroup;
			children = (
				2890B04222873BBB00128263 /* CoreDatWithSession.app */,
			);
			name = Products;
			sourceTree = "<group>";
		};
		2890B04422873BBB00128263 /* CoreDatWithSession */ = {
			isa = PBXGroup;
			children = (
				2890B04522873BBB00128263 /* AppDelegate.swift */,
				2890B05E22873F5100128263 /* PersistenceService.swift */,
				2890B04922873BBB00128263 /* Main.storyboard */,
				2890B06622874DB900128263 /* UsuarioTableViewCell.swift */,
				2890B062228747E600128263 /* RegisterViewController.swift */,
				2890B060228743FC00128263 /* ValidateSessionViewController.swift */,
				2890B064228747F200128263 /* HomeViewController.swift */,
				2890B04F22873BBC00128263 /* Assets.xcassets */,
				2890B05122873BBC00128263 /* LaunchScreen.storyboard */,
				2890B05422873BBC00128263 /* Info.plist */,
				2890B04C22873BBB00128263 /* CoreDatWithSession.xcdatamodeld */,
			);
			path = CoreDatWithSession;
			sourceTree = "<group>";
		};
/* End PBXGroup section */

/* Begin PBXNativeTarget section */
		2890B04122873BBB00128263 /* CoreDatWithSession */ = {
			isa = PBXNativeTarget;
			buildConfigurationList = 2890B05722873BBC00128263 /* Build configuration list for PBXNativeTarget "CoreDatWithSession" */;
			buildPhases = (
				2890B03E22873BBB00128263 /* Sources */,
				2890B03F22873BBB00128263 /* Frameworks */,
				2890B04022873BBB00128263 /* Resources */,
			);
			buildRules = (
			);
			dependencies = (
			);
			name = CoreDatWithSession;
			productName = CoreDatWithSession;
			productReference = 2890B04222873BBB00128263 /* CoreDatWithSession.app */;
			productType = "com.apple.product-type.application";
		};
/* End PBXNativeTarget section */

/* Begin PBXProject section */
		2890B03A22873BBB00128263 /* Project object */ = {
			isa = PBXProject;
			attributes = {
				LastSwiftUpdateCheck = 1020;
				LastUpgradeCheck = 1020;
				ORGANIZATIONNAME = "Josue J Maqueda Flores";
				TargetAttributes = {
					2890B04122873BBB00128263 = {
						CreatedOnToolsVersion = 10.2;
					};
				};
			};
			buildConfigurationList = 2890B03D22873BBB00128263 /* Build configuration list for PBXProject "CoreDatWithSession" */;
			compatibilityVersion = "Xcode 9.3";
			developmentRegion = en;
			hasScannedForEncodings = 0;
			knownRegions = (
				en,
				Base,
			);
			mainGroup = 2890B03922873BBB00128263;
			productRefGroup = 2890B04322873BBB00128263 /* Products */;
			projectDirPath = "";
			projectRoot = "";
			targets = (
				2890B04122873BBB00128263 /* CoreDatWithSession */,
			);
		};
/* End PBXProject section */

/* Begin PBXResourcesBuildPhase section */
		2890B04022873BBB00128263 /* Resources */ = {
			isa = PBXResourcesBuildPhase;
			buildActionMask = 2147483647;
			files = (
				2890B05322873BBC00128263 /* LaunchScreen.storyboard in Resources */,
				2890B05022873BBC00128263 /* Assets.xcassets in Resources */,
				2890B04B22873BBB00128263 /* Main.storyboard in Resources */,
			);
			runOnlyForDeploymentPostprocessing = 0;
		};
/* End PBXResourcesBuildPhase section */

/* Begin PBXSourcesBuildPhase section */
		2890B03E22873BBB00128263 /* Sources */ = {
			isa = PBXSourcesBuildPhase;
			buildActionMask = 2147483647;
			files = (
				2890B04E22873BBB00128263 /* CoreDatWithSession.xcdatamodeld in Sources */,
				2890B05F22873F5100128263 /* PersistenceService.swift in Sources */,
				2890B06722874DBA00128263 /* UsuarioTableViewCell.swift in Sources */,
				2890B063228747E600128263 /* RegisterViewController.swift in Sources */,
				2890B065228747F200128263 /* HomeViewController.swift in Sources */,
				2890B05C22873EF700128263 /* Usuarios+CoreDataClass.swift in Sources */,
				2890B061228743FC00128263 /* ValidateSessionViewController.swift in Sources */,
				2890B05D22873EF700128263 /* Usuarios+CoreDataProperties.swift in Sources */,
				2890B04622873BBB00128263 /* AppDelegate.swift in Sources */,
			);
			runOnlyForDeploymentPostprocessing = 0;
		};
/* End PBXSourcesBuildPhase section */

/* Begin PBXVariantGroup section */
		2890B04922873BBB00128263 /* Main.storyboard */ = {
			isa = PBXVariantGroup;
			children = (
				2890B04A22873BBB00128263 /* Base */,
			);
			name = Main.storyboard;
			sourceTree = "<group>";
		};
		2890B05122873BBC00128263 /* LaunchScreen.storyboard */ = {
			isa = PBXVariantGroup;
			children = (
				2890B05222873BBC00128263 /* Base */,
			);
			name = LaunchScreen.storyboard;
			sourceTree = "<group>";
		};
/* End PBXVariantGroup section */

/* Begin XCBuildConfiguration section */
		2890B05522873BBC00128263 /* Debug */ = {
			isa = XCBuildConfiguration;
			buildSettings = {
				ALWAYS_SEARCH_USER_PATHS = NO;
				CLANG_ANALYZER_NONNULL = YES;
				CLANG_ANALYZER_NUMBER_OBJECT_CONVERSION = YES_AGGRESSIVE;
				CLANG_CXX_LANGUAGE_STANDARD = "gnu++14";
				CLANG_CXX_LIBRARY = "libc++";
				CLANG_ENABLE_MODULES = YES;
				CLANG_ENABLE_OBJC_ARC = YES;
				CLANG_ENABLE_OBJC_WEAK = YES;
				CLANG_WARN_BLOCK_CAPTURE_AUTORELEASING = YES;
				CLANG_WARN_BOOL_CONVERSION = YES;
				CLANG_WARN_COMMA = YES;
				CLANG_WARN_CONSTANT_CONVERSION = YES;
				CLANG_WARN_DEPRECATED_OBJC_IMPLEMENTATIONS = YES;
				CLANG_WARN_DIRECT_OBJC_ISA_USAGE = YES_ERROR;
				CLANG_WARN_DOCUMENTATION_COMMENTS = YES;
				CLANG_WARN_EMPTY_BODY = YES;
				CLANG_WARN_ENUM_CONVERSION = YES;
				CLANG_WARN_INFINITE_RECURSION = YES;
				CLANG_WARN_INT_CONVERSION = YES;
				CLANG_WARN_NON_LITERAL_NULL_CONVERSION = YES;
				CLANG_WARN_OBJC_IMPLICIT_RETAIN_SELF = YES;
				CLANG_WARN_OBJC_LITERAL_CONVERSION = YES;
				CLANG_WARN_OBJC_ROOT_CLASS = YES_ERROR;
				CLANG_WARN_RANGE_LOOP_ANALYSIS = YES;
				CLANG_WARN_STRICT_PROTOTYPES = YES;
				CLANG_WARN_SUSPICIOUS_MOVE = YES;
				CLANG_WARN_UNGUARDED_AVAILABILITY = YES_AGGRESSIVE;
				CLANG_WARN_UNREACHABLE_CODE = YES;
				CLANG_WARN__DUPLICATE_METHOD_MATCH = YES;
				CODE_SIGN_IDENTITY = "iPhone Developer";
				COPY_PHASE_STRIP = NO;
				DEBUG_INFORMATION_FORMAT = dwarf;
				ENABLE_STRICT_OBJC_MSGSEND = YES;
				ENABLE_TESTABILITY = YES;
				GCC_C_LANGUAGE_STANDARD = gnu11;
				GCC_DYNAMIC_NO_PIC = NO;
				GCC_NO_COMMON_BLOCKS = YES;
				GCC_OPTIMIZATION_LEVEL = 0;
				GCC_PREPROCESSOR_DEFINITIONS = (
					"DEBUG=1",
					"$(inherited)",
				);
				GCC_WARN_64_TO_32_BIT_CONVERSION = YES;
				GCC_WARN_ABOUT_RETURN_TYPE = YES_ERROR;
				GCC_WARN_UNDECLARED_SELECTOR = YES;
				GCC_WARN_UNINITIALIZED_AUTOS = YES_AGGRESSIVE;
				GCC_WARN_UNUSED_FUNCTION = YES;
				GCC_WARN_UNUSED_VARIABLE = YES;
				IPHONEOS_DEPLOYMENT_TARGET = 12.2;
				MTL_ENABLE_DEBUG_INFO = INCLUDE_SOURCE;
				MTL_FAST_MATH = YES;
				ONLY_ACTIVE_ARCH = YES;
				SDKROOT = iphoneos;
				SWIFT_ACTIVE_COMPILATION_CONDITIONS = DEBUG;
				SWIFT_OPTIMIZATION_LEVEL = "-Onone";
			};
			name = Debug;
		};
		2890B05622873BBC00128263 /* Release */ = {
			isa = XCBuildConfiguration;
			buildSettings = {
				ALWAYS_SEARCH_USER_PATHS = NO;
				CLANG_ANALYZER_NONNULL = YES;
				CLANG_ANALYZER_NUMBER_OBJECT_CONVERSION = YES_AGGRESSIVE;
				CLANG_CXX_LANGUAGE_STANDARD = "gnu++14";
				CLANG_CXX_LIBRARY = "libc++";
				CLANG_ENABLE_MODULES = YES;
				CLANG_ENABLE_OBJC_ARC = YES;
				CLANG_ENABLE_OBJC_WEAK = YES;
				CLANG_WARN_BLOCK_CAPTURE_AUTORELEASING = YES;
				CLANG_WARN_BOOL_CONVERSION = YES;
				CLANG_WARN_COMMA = YES;
				CLANG_WARN_CONSTANT_CONVERSION = YES;
				CLANG_WARN_DEPRECATED_OBJC_IMPLEMENTATIONS = YES;
				CLANG_WARN_DIRECT_OBJC_ISA_USAGE = YES_ERROR;
				CLANG_WARN_DOCUMENTATION_COMMENTS = YES;
				CLANG_WARN_EMPTY_BODY = YES;
				CLANG_WARN_ENUM_CONVERSION = YES;
				CLANG_WARN_INFINITE_RECURSION = YES;
				CLANG_WARN_INT_CONVERSION = YES;
				CLANG_WARN_NON_LITERAL_NULL_CONVERSION = YES;
				CLANG_WARN_OBJC_IMPLICIT_RETAIN_SELF = YES;
				CLANG_WARN_OBJC_LITERAL_CONVERSION = YES;
				CLANG_WARN_OBJC_ROOT_CLASS = YES_ERROR;
				CLANG_WARN_RANGE_LOOP_ANALYSIS = YES;
				CLANG_WARN_STRICT_PROTOTYPES = YES;
				CLANG_WARN_SUSPICIOUS_MOVE = YES;
				CLANG_WARN_UNGUARDED_AVAILABILITY = YES_AGGRESSIVE;
				CLANG_WARN_UNREACHABLE_CODE = YES;
				CLANG_WARN__DUPLICATE_METHOD_MATCH = YES;
				CODE_SIGN_IDENTITY = "iPhone Developer";
				COPY_PHASE_STRIP = NO;
				DEBUG_INFORMATION_FORMAT = "dwarf-with-dsym";
				ENABLE_NS_ASSERTIONS = NO;
				ENABLE_STRICT_OBJC_MSGSEND = YES;
				GCC_C_LANGUAGE_STANDARD = gnu11;
				GCC_NO_COMMON_BLOCKS = YES;
				GCC_WARN_64_TO_32_BIT_CONVERSION = YES;
				GCC_WARN_ABOUT_RETURN_TYPE = YES_ERROR;
				GCC_WARN_UNDECLARED_SELECTOR = YES;
				GCC_WARN_UNINITIALIZED_AUTOS = YES_AGGRESSIVE;
				GCC_WARN_UNUSED_FUNCTION = YES;
				GCC_WARN_UNUSED_VARIABLE = YES;
				IPHONEOS_DEPLOYMENT_TARGET = 12.2;
				MTL_ENABLE_DEBUG_INFO = NO;
				MTL_FAST_MATH = YES;
				SDKROOT = iphoneos;
				SWIFT_COMPILATION_MODE = wholemodule;
				SWIFT_OPTIMIZATION_LEVEL = "-O";
				VALIDATE_PRODUCT = YES;
			};
			name = Release;
		};
		2890B05822873BBC00128263 /* Debug */ = {
			isa = XCBuildConfiguration;
			buildSettings = {
				ASSETCATALOG_COMPILER_APPICON_NAME = AppIcon;
				CODE_SIGN_STYLE = Automatic;
				DEVELOPMENT_TEAM = VLNSYCS66R;
				INFOPLIST_FILE = CoreDatWithSession/Info.plist;
				LD_RUNPATH_SEARCH_PATHS = (
					"$(inherited)",
					"@executable_path/Frameworks",
				);
				PRODUCT_BUNDLE_IDENTIFIER = com.maquedus.examples.CoreDatWithSession;
				PRODUCT_NAME = "$(TARGET_NAME)";
				SWIFT_VERSION = 5.0;
				TARGETED_DEVICE_FAMILY = "1,2";
			};
			name = Debug;
		};
		2890B05922873BBC00128263 /* Release */ = {
			isa = XCBuildConfiguration;
			buildSettings = {
				ASSETCATALOG_COMPILER_APPICON_NAME = AppIcon;
				CODE_SIGN_STYLE = Automatic;
				DEVELOPMENT_TEAM = VLNSYCS66R;
				INFOPLIST_FILE = CoreDatWithSession/Info.plist;
				LD_RUNPATH_SEARCH_PATHS = (
					"$(inherited)",
					"@executable_path/Frameworks",
				);
				PRODUCT_BUNDLE_IDENTIFIER = com.maquedus.examples.CoreDatWithSession;
				PRODUCT_NAME = "$(TARGET_NAME)";
				SWIFT_VERSION = 5.0;
				TARGETED_DEVICE_FAMILY = "1,2";
			};
			name = Release;
		};
/* End XCBuildConfiguration section */

/* Begin XCConfigurationList section */
		2890B03D22873BBB00128263 /* Build configuration list for PBXProject "CoreDatWithSession" */ = {
			isa = XCConfigurationList;
			buildConfigurations = (
				2890B05522873BBC00128263 /* Debug */,
				2890B05622873BBC00128263 /* Release */,
			);
			defaultConfigurationIsVisible = 0;
			defaultConfigurationName = Release;
		};
		2890B05722873BBC00128263 /* Build configuration list for PBXNativeTarget "CoreDatWithSession" */ = {
			isa = XCConfigurationList;
			buildConfigurations = (
				2890B05822873BBC00128263 /* Debug */,
				2890B05922873BBC00128263 /* Release */,
			);
			defaultConfigurationIsVisible = 0;
			defaultConfigurationName = Release;
		};
/* End XCConfigurationList section */

/* Begin XCVersionGroup section */
		2890B04C22873BBB00128263 /* CoreDatWithSession.xcdatamodeld */ = {
			isa = XCVersionGroup;
			children = (
				2890B04D22873BBB00128263 /* CoreDatWithSession.xcdatamodel */,
			);
			currentVersion = 2890B04D22873BBB00128263 /* CoreDatWithSession.xcdatamodel */;
			path = CoreDatWithSession.xcdatamodeld;
			sourceTree = "<group>";
			versionGroupType = wrapper.xcdatamodel;
		};
/* End XCVersionGroup section */
	};
	rootObject = 2890B03A22873BBB00128263 /* Project object */;
}
